
Microsoft Visual Studio Solution File, Format Version 12.00
# Visual Studio Version 17
VisualStudioVersion = 17.13.35828.75 d17.13
MinimumVisualStudioVersion = 10.0.40219.1
Project("{FAE04EC0-301F-11D3-BF4B-00C04F79EFBC}") = "Aetherhue", "Aetherhue\Aetherhue.csproj", "{ED4BA2D9-2AAE-4832-99C4-7D963D276EAC}"
EndProject
Project("{FAE04EC0-301F-11D3-BF4B-00C04F79EFBC}") = "Aetherhue.Framework", "Aetherhue.Framework\Aetherhue.Framework.csproj", "{4454B4D2-B9D3-47E9-B726-B8BB8C3698B6}"
EndProject
Global
	GlobalSection(SolutionConfigurationPlatforms) = preSolution
		Debug|Any CPU = Debug|Any CPU
		Release|Any CPU = Release|Any CPU
	EndGlobalSection
	GlobalSection(ProjectConfigurationPlatforms) = postSolution
		{ED4BA2D9-2AAE-4832-99C4-7D963D276EAC}.Debug|Any CPU.ActiveCfg = Debug|Any CPU
		{ED4BA2D9-2AAE-4832-99C4-7D963D276EAC}.Debug|Any CPU.Build.0 = Debug|Any CPU
		{ED4BA2D9-2AAE-4832-99C4-7D963D276EAC}.Release|Any CPU.ActiveCfg = Release|Any CPU
		{ED4BA2D9-2AAE-4832-99C4-7D963D276EAC}.Release|Any CPU.Build.0 = Release|Any CPU
		{4454B4D2-B9D3-47E9-B726-B8BB8C3698B6}.Debug|Any CPU.ActiveCfg = Debug|Any CPU
		{4454B4D2-B9D3-47E9-B726-B8BB8C3698B6}.Debug|Any CPU.Build.0 = Debug|Any CPU
		{4454B4D2-B9D3-47E9-B726-B8BB8C3698B6}.Release|Any CPU.ActiveCfg = Release|Any CPU
		{4454B4D2-B9D3-47E9-B726-B8BB8C3698B6}.Release|Any CPU.Build.0 = Release|Any CPU
	EndGlobalSection
	GlobalSection(SolutionProperties) = preSolution
		HideSolutionNode = FALSE
	EndGlobalSection
	GlobalSection(ExtensibilityGlobals) = postSolution
		SolutionGuid = {0757B929-4376-48E7-9ACF-032115B4666B}
	EndGlobalSection
EndGlobal
